// !$*UTF8*$!
{
	archiveVersion = 1;
	classes = {
	};
	objectVersion = 50;
	objects = {

/* Begin PBXBuildFile section */
		AE0F866E25ABDC1600D6F8AB /* AddEditToDoItemTableViewController.swift in Sources */ = {isa = PBXBuildFile; fileRef = AE0F866D25ABDC1600D6F8AB /* AddEditToDoItemTableViewController.swift */; };
		AE0F867125ABDE6B00D6F8AB /* AddEditToDoItemTableViewCell.swift in Sources */ = {isa = PBXBuildFile; fileRef = AE0F867025ABDE6B00D6F8AB /* AddEditToDoItemTableViewCell.swift */; };
		AE99F45025AAAED50023D481 /* AppDelegate.swift in Sources */ = {isa = PBXBuildFile; fileRef = AE99F44F25AAAED50023D481 /* AppDelegate.swift */; };
		AE99F45225AAAED50023D481 /* SceneDelegate.swift in Sources */ = {isa = PBXBuildFile; fileRef = AE99F45125AAAED50023D481 /* SceneDelegate.swift */; };
		AE99F45725AAAED50023D481 /* Main.storyboard in Resources */ = {isa = PBXBuildFile; fileRef = AE99F45525AAAED50023D481 /* Main.storyboard */; };
		AE99F45925AAAEDD0023D481 /* Assets.xcassets in Resources */ = {isa = PBXBuildFile; fileRef = AE99F45825AAAEDD0023D481 /* Assets.xcassets */; };
		AE99F45C25AAAEDD0023D481 /* LaunchScreen.storyboard in Resources */ = {isa = PBXBuildFile; fileRef = AE99F45A25AAAEDD0023D481 /* LaunchScreen.storyboard */; };
		AE99F46525AAAFE80023D481 /* ToDoItem.swift in Sources */ = {isa = PBXBuildFile; fileRef = AE99F46425AAAFE80023D481 /* ToDoItem.swift */; };
		AE99F46825AAB0BC0023D481 /* ToDoTableViewController.swift in Sources */ = {isa = PBXBuildFile; fileRef = AE99F46725AAB0BC0023D481 /* ToDoTableViewController.swift */; };
		AE99F46C25AAB57B0023D481 /* TodoItemTableViewCell.swift in Sources */ = {isa = PBXBuildFile; fileRef = AE99F46B25AAB57B0023D481 /* TodoItemTableViewCell.swift */; };
		AE99F47125AAB78F0023D481 /* VerticalStackView.swift in Sources */ = {isa = PBXBuildFile; fileRef = AE99F46E25AAB78F0023D481 /* VerticalStackView.swift */; };
		AE99F47225AAB78F0023D481 /* HorizontalStackView.swift in Sources */ = {isa = PBXBuildFile; fileRef = AE99F46F25AAB78F0023D481 /* HorizontalStackView.swift */; };
		AE99F47325AAB78F0023D481 /* UIView+ConstraintLayout.swift in Sources */ = {isa = PBXBuildFile; fileRef = AE99F47025AAB78F0023D481 /* UIView+ConstraintLayout.swift */; };
/* End PBXBuildFile section */

/* Begin PBXFileReference section */
		AE0F866D25ABDC1600D6F8AB /* AddEditToDoItemTableViewController.swift */ = {isa = PBXFileReference; lastKnownFileType = sourcecode.swift; path = AddEditToDoItemTableViewController.swift; sourceTree = "<group>"; };
		AE0F867025ABDE6B00D6F8AB /* AddEditToDoItemTableViewCell.swift */ = {isa = PBXFileReference; lastKnownFileType = sourcecode.swift; path = AddEditToDoItemTableViewCell.swift; sourceTree = "<group>"; };
		AE99F44C25AAAED50023D481 /* SimpleTodoApp.app */ = {isa = PBXFileReference; explicitFileType = wrapper.application; includeInIndex = 0; path = SimpleTodoApp.app; sourceTree = BUILT_PRODUCTS_DIR; };
		AE99F44F25AAAED50023D481 /* AppDelegate.swift */ = {isa = PBXFileReference; lastKnownFileType = sourcecode.swift; path = AppDelegate.swift; sourceTree = "<group>"; };
		AE99F45125AAAED50023D481 /* SceneDelegate.swift */ = {isa = PBXFileReference; lastKnownFileType = sourcecode.swift; path = SceneDelegate.swift; sourceTree = "<group>"; };
		AE99F45625AAAED50023D481 /* Base */ = {isa = PBXFileReference; lastKnownFileType = file.storyboard; name = Base; path = Base.lproj/Main.storyboard; sourceTree = "<group>"; };
		AE99F45825AAAEDD0023D481 /* Assets.xcassets */ = {isa = PBXFileReference; lastKnownFileType = folder.assetcatalog; path = Assets.xcassets; sourceTree = "<group>"; };
		AE99F45B25AAAEDD0023D481 /* Base */ = {isa = PBXFileReference; lastKnownFileType = file.storyboard; name = Base; path = Base.lproj/LaunchScreen.storyboard; sourceTree = "<group>"; };
		AE99F45D25AAAEDD0023D481 /* Info.plist */ = {isa = PBXFileReference; lastKnownFileType = text.plist.xml; path = Info.plist; sourceTree = "<group>"; };
		AE99F46425AAAFE80023D481 /* ToDoItem.swift */ = {isa = PBXFileReference; lastKnownFileType = sourcecode.swift; path = ToDoItem.swift; sourceTree = "<group>"; };
		AE99F46725AAB0BC0023D481 /* ToDoTableViewController.swift */ = {isa = PBXFileReference; lastKnownFileType = sourcecode.swift; path = ToDoTableViewController.swift; sourceTree = "<group>"; };
		AE99F46B25AAB57B0023D481 /* TodoItemTableViewCell.swift */ = {isa = PBXFileReference; lastKnownFileType = sourcecode.swift; path = TodoItemTableViewCell.swift; sourceTree = "<group>"; };
		AE99F46E25AAB78F0023D481 /* VerticalStackView.swift */ = {isa = PBXFileReference; fileEncoding = 4; lastKnownFileType = sourcecode.swift; path = VerticalStackView.swift; sourceTree = "<group>"; };
		AE99F46F25AAB78F0023D481 /* HorizontalStackView.swift */ = {isa = PBXFileReference; fileEncoding = 4; lastKnownFileType = sourcecode.swift; path = HorizontalStackView.swift; sourceTree = "<group>"; };
		AE99F47025AAB78F0023D481 /* UIView+ConstraintLayout.swift */ = {isa = PBXFileReference; fileEncoding = 4; lastKnownFileType = sourcecode.swift; path = "UIView+ConstraintLayout.swift"; sourceTree = "<group>"; };
/* End PBXFileReference section */

/* Begin PBXFrameworksBuildPhase section */
		AE99F44925AAAED50023D481 /* Frameworks */ = {
			isa = PBXFrameworksBuildPhase;
			buildActionMask = 2147483647;
			files = (
			);
			runOnlyForDeploymentPostprocessing = 0;
		};
/* End PBXFrameworksBuildPhase section */

/* Begin PBXGroup section */
		AE99F44325AAAED50023D481 = {
			isa = PBXGroup;
			children = (
				AE99F44E25AAAED50023D481 /* SimpleTodoApp */,
				AE99F44D25AAAED50023D481 /* Products */,
			);
			sourceTree = "<group>";
		};
		AE99F44D25AAAED50023D481 /* Products */ = {
			isa = PBXGroup;
			children = (
				AE99F44C25AAAED50023D481 /* SimpleTodoApp.app */,
			);
			name = Products;
			sourceTree = "<group>";
		};
		AE99F44E25AAAED50023D481 /* SimpleTodoApp */ = {
			isa = PBXGroup;
			children = (
				AE99F47525AAB7990023D481 /* Utils */,
				AE99F44F25AAAED50023D481 /* AppDelegate.swift */,
				AE99F45125AAAED50023D481 /* SceneDelegate.swift */,
				AE99F46425AAAFE80023D481 /* ToDoItem.swift */,
				AE99F46725AAB0BC0023D481 /* ToDoTableViewController.swift */,
				AE0F866D25ABDC1600D6F8AB /* AddEditToDoItemTableViewController.swift */,
				AE0F867025ABDE6B00D6F8AB /* AddEditToDoItemTableViewCell.swift */,
				AE99F46B25AAB57B0023D481 /* TodoItemTableViewCell.swift */,
				AE99F45525AAAED50023D481 /* Main.storyboard */,
				AE99F45825AAAEDD0023D481 /* Assets.xcassets */,
				AE99F45A25AAAEDD0023D481 /* LaunchScreen.storyboard */,
				AE99F45D25AAAEDD0023D481 /* Info.plist */,
			);
			path = SimpleTodoApp;
			sourceTree = "<group>";
		};
		AE99F47525AAB7990023D481 /* Utils */ = {
			isa = PBXGroup;
			children = (
				AE99F46E25AAB78F0023D481 /* VerticalStackView.swift */,
				AE99F47025AAB78F0023D481 /* UIView+ConstraintLayout.swift */,
				AE99F46F25AAB78F0023D481 /* HorizontalStackView.swift */,
			);
			path = Utils;
			sourceTree = "<group>";
		};
/* End PBXGroup section */

/* Begin PBXNativeTarget section */
		AE99F44B25AAAED50023D481 /* SimpleTodoApp */ = {
			isa = PBXNativeTarget;
			buildConfigurationList = AE99F46025AAAEDD0023D481 /* Build configuration list for PBXNativeTarget "SimpleTodoApp" */;
			buildPhases = (
				AE99F44825AAAED50023D481 /* Sources */,
				AE99F44925AAAED50023D481 /* Frameworks */,
				AE99F44A25AAAED50023D481 /* Resources */,
			);
			buildRules = (
			);
			dependencies = (
			);
			name = SimpleTodoApp;
			productName = SimpleTodoApp;
			productReference = AE99F44C25AAAED50023D481 /* SimpleTodoApp.app */;
			productType = "com.apple.product-type.application";
		};
/* End PBXNativeTarget section */

/* Begin PBXProject section */
		AE99F44425AAAED50023D481 /* Project object */ = {
			isa = PBXProject;
			attributes = {
				LastSwiftUpdateCheck = 1220;
				LastUpgradeCheck = 1220;
				TargetAttributes = {
					AE99F44B25AAAED50023D481 = {
						CreatedOnToolsVersion = 12.2;
					};
				};
			};
			buildConfigurationList = AE99F44725AAAED50023D481 /* Build configuration list for PBXProject "SimpleTodoApp" */;
			compatibilityVersion = "Xcode 9.3";
			developmentRegion = en;
			hasScannedForEncodings = 0;
			knownRegions = (
				en,
				Base,
			);
			mainGroup = AE99F44325AAAED50023D481;
			productRefGroup = AE99F44D25AAAED50023D481 /* Products */;
			projectDirPath = "";
			projectRoot = "";
			targets = (
				AE99F44B25AAAED50023D481 /* SimpleTodoApp */,
			);
		};
/* End PBXProject section */

/* Begin PBXResourcesBuildPhase section */
		AE99F44A25AAAED50023D481 /* Resources */ = {
			isa = PBXResourcesBuildPhase;
			buildActionMask = 2147483647;
			files = (
				AE99F45C25AAAEDD0023D481 /* LaunchScreen.storyboard in Resources */,
				AE99F45925AAAEDD0023D481 /* Assets.xcassets in Resources */,
				AE99F45725AAAED50023D481 /* Main.storyboard in Resources */,
			);
			runOnlyForDeploymentPostprocessing = 0;
		};
/* End PBXResourcesBuildPhase section */

/* Begin PBXSourcesBuildPhase section */
		AE99F44825AAAED50023D481 /* Sources */ = {
			isa = PBXSourcesBuildPhase;
			buildActionMask = 2147483647;
			files = (
				AE99F46C25AAB57B0023D481 /* TodoItemTableViewCell.swift in Sources */,
				AE99F47125AAB78F0023D481 /* VerticalStackView.swift in Sources */,
				AE99F45025AAAED50023D481 /* AppDelegate.swift in Sources */,
				AE99F46525AAAFE80023D481 /* ToDoItem.swift in Sources */,
				AE0F867125ABDE6B00D6F8AB /* AddEditToDoItemTableViewCell.swift in Sources */,
				AE99F47225AAB78F0023D481 /* HorizontalStackView.swift in Sources */,
				AE99F45225AAAED50023D481 /* SceneDelegate.swift in Sources */,
				AE99F46825AAB0BC0023D481 /* ToDoTableViewController.swift in Sources */,
				AE0F866E25ABDC1600D6F8AB /* AddEditToDoItemTableViewController.swift in Sources */,
				AE99F47325AAB78F0023D481 /* UIView+ConstraintLayout.swift in Sources */,
			);
			runOnlyForDeploymentPostprocessing = 0;
		};
/* End PBXSourcesBuildPhase section */

/* Begin PBXVariantGroup section */
		AE99F45525AAAED50023D481 /* Main.storyboard */ = {
			isa = PBXVariantGroup;
			children = (
				AE99F45625AAAED50023D481 /* Base */,
			);
			name = Main.storyboard;
			sourceTree = "<group>";
		};
		AE99F45A25AAAEDD0023D481 /* LaunchScreen.storyboard */ = {
			isa = PBXVariantGroup;
			children = (
				AE99F45B25AAAEDD0023D481 /* Base */,
			);
			name = LaunchScreen.storyboard;
			sourceTree = "<group>";
		};
/* End PBXVariantGroup section */

/* Begin XCBuildConfiguration section */
		AE99F45E25AAAEDD0023D481 /* Debug */ = {
			isa = XCBuildConfiguration;
			buildSettings = {
				ALWAYS_SEARCH_USER_PATHS = NO;
				CLANG_ANALYZER_NONNULL = YES;
				CLANG_ANALYZER_NUMBER_OBJECT_CONVERSION = YES_AGGRESSIVE;
				CLANG_CXX_LANGUAGE_STANDARD = "gnu++14";
				CLANG_CXX_LIBRARY = "libc++";
				CLANG_ENABLE_MODULES = YES;
				CLANG_ENABLE_OBJC_ARC = YES;
				CLANG_ENABLE_OBJC_WEAK = YES;
				CLANG_WARN_BLOCK_CAPTURE_AUTORELEASING = YES;
				CLANG_WARN_BOOL_CONVERSION = YES;
				CLANG_WARN_COMMA = YES;
				CLANG_WARN_CONSTANT_CONVERSION = YES;
				CLANG_WARN_DEPRECATED_OBJC_IMPLEMENTATIONS = YES;
				CLANG_WARN_DIRECT_OBJC_ISA_USAGE = YES_ERROR;
				CLANG_WARN_DOCUMENTATION_COMMENTS = YES;
				CLANG_WARN_EMPTY_BODY = YES;
				CLANG_WARN_ENUM_CONVERSION = YES;
				CLANG_WARN_INFINITE_RECURSION = YES;
				CLANG_WARN_INT_CONVERSION = YES;
				CLANG_WARN_NON_LITERAL_NULL_CONVERSION = YES;
				CLANG_WARN_OBJC_IMPLICIT_RETAIN_SELF = YES;
				CLANG_WARN_OBJC_LITERAL_CONVERSION = YES;
				CLANG_WARN_OBJC_ROOT_CLASS = YES_ERROR;
				CLANG_WARN_QUOTED_INCLUDE_IN_FRAMEWORK_HEADER = YES;
				CLANG_WARN_RANGE_LOOP_ANALYSIS = YES;
				CLANG_WARN_STRICT_PROTOTYPES = YES;
				CLANG_WARN_SUSPICIOUS_MOVE = YES;
				CLANG_WARN_UNGUARDED_AVAILABILITY = YES_AGGRESSIVE;
				CLANG_WARN_UNREACHABLE_CODE = YES;
				CLANG_WARN__DUPLICATE_METHOD_MATCH = YES;
				COPY_PHASE_STRIP = NO;
				DEBUG_INFORMATION_FORMAT = dwarf;
				ENABLE_STRICT_OBJC_MSGSEND = YES;
				ENABLE_TESTABILITY = YES;
				GCC_C_LANGUAGE_STANDARD = gnu11;
				GCC_DYNAMIC_NO_PIC = NO;
				GCC_NO_COMMON_BLOCKS = YES;
				GCC_OPTIMIZATION_LEVEL = 0;
				GCC_PREPROCESSOR_DEFINITIONS = (
					"DEBUG=1",
					"$(inherited)",
				);
				GCC_WARN_64_TO_32_BIT_CONVERSION = YES;
				GCC_WARN_ABOUT_RETURN_TYPE = YES_ERROR;
				GCC_WARN_UNDECLARED_SELECTOR = YES;
				GCC_WARN_UNINITIALIZED_AUTOS = YES_AGGRESSIVE;
				GCC_WARN_UNUSED_FUNCTION = YES;
				GCC_WARN_UNUSED_VARIABLE = YES;
				IPHONEOS_DEPLOYMENT_TARGET = 14.2;
				MTL_ENABLE_DEBUG_INFO = INCLUDE_SOURCE;
				MTL_FAST_MATH = YES;
				ONLY_ACTIVE_ARCH = YES;
				SDKROOT = iphoneos;
				SWIFT_ACTIVE_COMPILATION_CONDITIONS = DEBUG;
				SWIFT_OPTIMIZATION_LEVEL = "-Onone";
			};
			name = Debug;
		};
		AE99F45F25AAAEDD0023D481 /* Release */ = {
			isa = XCBuildConfiguration;
			buildSettings = {
				ALWAYS_SEARCH_USER_PATHS = NO;
				CLANG_ANALYZER_NONNULL = YES;
				CLANG_ANALYZER_NUMBER_OBJECT_CONVERSION = YES_AGGRESSIVE;
				CLANG_CXX_LANGUAGE_STANDARD = "gnu++14";
				CLANG_CXX_LIBRARY = "libc++";
				CLANG_ENABLE_MODULES = YES;
				CLANG_ENABLE_OBJC_ARC = YES;
				CLANG_ENABLE_OBJC_WEAK = YES;
				CLANG_WARN_BLOCK_CAPTURE_AUTORELEASING = YES;
				CLANG_WARN_BOOL_CONVERSION = YES;
				CLANG_WARN_COMMA = YES;
				CLANG_WARN_CONSTANT_CONVERSION = YES;
				CLANG_WARN_DEPRECATED_OBJC_IMPLEMENTATIONS = YES;
				CLANG_WARN_DIRECT_OBJC_ISA_USAGE = YES_ERROR;
				CLANG_WARN_DOCUMENTATION_COMMENTS = YES;
				CLANG_WARN_EMPTY_BODY = YES;
				CLANG_WARN_ENUM_CONVERSION = YES;
				CLANG_WARN_INFINITE_RECURSION = YES;
				CLANG_WARN_INT_CONVERSION = YES;
				CLANG_WARN_NON_LITERAL_NULL_CONVERSION = YES;
				CLANG_WARN_OBJC_IMPLICIT_RETAIN_SELF = YES;
				CLANG_WARN_OBJC_LITERAL_CONVERSION = YES;
				CLANG_WARN_OBJC_ROOT_CLASS = YES_ERROR;
				CLANG_WARN_QUOTED_INCLUDE_IN_FRAMEWORK_HEADER = YES;
				CLANG_WARN_RANGE_LOOP_ANALYSIS = YES;
				CLANG_WARN_STRICT_PROTOTYPES = YES;
				CLANG_WARN_SUSPICIOUS_MOVE = YES;
				CLANG_WARN_UNGUARDED_AVAILABILITY = YES_AGGRESSIVE;
				CLANG_WARN_UNREACHABLE_CODE = YES;
				CLANG_WARN__DUPLICATE_METHOD_MATCH = YES;
				COPY_PHASE_STRIP = NO;
				DEBUG_INFORMATION_FORMAT = "dwarf-with-dsym";
				ENABLE_NS_ASSERTIONS = NO;
				ENABLE_STRICT_OBJC_MSGSEND = YES;
				GCC_C_LANGUAGE_STANDARD = gnu11;
				GCC_NO_COMMON_BLOCKS = YES;
				GCC_WARN_64_TO_32_BIT_CONVERSION = YES;
				GCC_WARN_ABOUT_RETURN_TYPE = YES_ERROR;
				GCC_WARN_UNDECLARED_SELECTOR = YES;
				GCC_WARN_UNINITIALIZED_AUTOS = YES_AGGRESSIVE;
				GCC_WARN_UNUSED_FUNCTION = YES;
				GCC_WARN_UNUSED_VARIABLE = YES;
				IPHONEOS_DEPLOYMENT_TARGET = 14.2;
				MTL_ENABLE_DEBUG_INFO = NO;
				MTL_FAST_MATH = YES;
				SDKROOT = iphoneos;
				SWIFT_COMPILATION_MODE = wholemodule;
				SWIFT_OPTIMIZATION_LEVEL = "-O";
				VALIDATE_PRODUCT = YES;
			};
			name = Release;
		};
		AE99F46125AAAEDD0023D481 /* Debug */ = {
			isa = XCBuildConfiguration;
			buildSettings = {
				ASSETCATALOG_COMPILER_APPICON_NAME = AppIcon;
				ASSETCATALOG_COMPILER_GLOBAL_ACCENT_COLOR_NAME = AccentColor;
				CODE_SIGN_STYLE = Automatic;
				DEVELOPMENT_TEAM = 429LU7R7K4;
				INFOPLIST_FILE = SimpleTodoApp/Info.plist;
				LD_RUNPATH_SEARCH_PATHS = (
					"$(inherited)",
					"@executable_path/Frameworks",
				);
				PRODUCT_BUNDLE_IDENTIFIER = com.yumiMachino.SimpleTodoApp;
				PRODUCT_NAME = "$(TARGET_NAME)";
				SWIFT_VERSION = 5.0;
				TARGETED_DEVICE_FAMILY = "1,2";
			};
			name = Debug;
		};
		AE99F46225AAAEDD0023D481 /* Release */ = {
			isa = XCBuildConfiguration;
			buildSettings = {
				ASSETCATALOG_COMPILER_APPICON_NAME = AppIcon;
				ASSETCATALOG_COMPILER_GLOBAL_ACCENT_COLOR_NAME = AccentColor;
				CODE_SIGN_STYLE = Automatic;
				DEVELOPMENT_TEAM = 429LU7R7K4;
				INFOPLIST_FILE = SimpleTodoApp/Info.plist;
				LD_RUNPATH_SEARCH_PATHS = (
					"$(inherited)",
					"@executable_path/Frameworks",
				);
				PRODUCT_BUNDLE_IDENTIFIER = com.yumiMachino.SimpleTodoApp;
				PRODUCT_NAME = "$(TARGET_NAME)";
				SWIFT_VERSION = 5.0;
				TARGETED_DEVICE_FAMILY = "1,2";
			};
			name = Release;
		};
/* End XCBuildConfiguration section */

/* Begin XCConfigurationList section */
		AE99F44725AAAED50023D481 /* Build configuration list for PBXProject "SimpleTodoApp" */ = {
			isa = XCConfigurationList;
			buildConfigurations = (
				AE99F45E25AAAEDD0023D481 /* Debug */,
				AE99F45F25AAAEDD0023D481 /* Release */,
			);
			defaultConfigurationIsVisible = 0;
			defaultConfigurationName = Release;
		};
		AE99F46025AAAEDD0023D481 /* Build configuration list for PBXNativeTarget "SimpleTodoApp" */ = {
			isa = XCConfigurationList;
			buildConfigurations = (
				AE99F46125AAAEDD0023D481 /* Debug */,
				AE99F46225AAAEDD0023D481 /* Release */,
			);
			defaultConfigurationIsVisible = 0;
			defaultConfigurationName = Release;
		};
/* End XCConfigurationList section */
	};
	rootObject = AE99F44425AAAED50023D481 /* Project object */;
}
